
Microsoft Visual Studio Solution File, Format Version 12.00
# Visual Studio Version 17
VisualStudioVersion = 17.3.32929.385
MinimumVisualStudioVersion = 10.0.40219.1
Project("{9A19103F-16F7-4668-BE54-9A1E7A4F7556}") = "AuthServer", "AuthServer.csproj", "{D7432023-B643-4A47-BBF0-4CD3CF00A2EE}"
EndProject
Global
	GlobalSection(SolutionConfigurationPlatforms) = preSolution
		Debug|Any CPU = Debug|Any CPU
		Release|Any CPU = Release|Any CPU
	EndGlobalSection
	GlobalSection(ProjectConfigurationPlatforms) = postSolution
		{D7432023-B643-4A47-BBF0-4CD3CF00A2EE}.Debug|Any CPU.ActiveCfg = Debug|Any CPU
		{D7432023-B643-4A47-BBF0-4CD3CF00A2EE}.Debug|Any CPU.Build.0 = Debug|Any CPU
		{D7432023-B643-4A47-BBF0-4CD3CF00A2EE}.Release|Any CPU.ActiveCfg = Release|Any CPU
		{D7432023-B643-4A47-BBF0-4CD3CF00A2EE}.Release|Any CPU.Build.0 = Release|Any CPU
	EndGlobalSection
	GlobalSection(SolutionProperties) = preSolution
		HideSolutionNode = FALSE
	EndGlobalSection
	GlobalSection(ExtensibilityGlobals) = postSolution
		SolutionGuid = {51CF30C4-1610-498C-B0F0-7058E8AF5A9B}
	EndGlobalSection
EndGlobal
